{
  "name": "metal-charts-site",
  "version": "0.0.0",
  "lockfileVersion": 1,
  "requires": true,
  "dependencies": {
    "billboard.js": {
      "version": "1.0.1",
      "resolved": "https://registry.npmjs.org/billboard.js/-/billboard.js-1.0.1.tgz",
      "integrity": "sha1-QG+3EEaR+dO7TeZkfo+Z5cijP2A=",
      "requires": {
        "d3": "4.10.2"
      }
    },
    "bootstrap": {
      "version": "3.3.7",
      "resolved": "https://registry.npmjs.org/bootstrap/-/bootstrap-3.3.7.tgz",
      "integrity": "sha1-WjiTlFSfIzMIdaOxUGVldPip63E=",
      "dev": true
    },
    "bootstrap-sass": {
      "version": "3.3.7",
      "resolved": "https://registry.npmjs.org/bootstrap-sass/-/bootstrap-sass-3.3.7.tgz",
      "integrity": "sha1-ZZbHq0D2Y3OTMjqwvIDQZPxjBJg=",
      "dev": true
    },
    "commander": {
      "version": "2.11.0",
      "resolved": "https://registry.npmjs.org/commander/-/commander-2.11.0.tgz",
      "integrity": "sha512-b0553uYA5YAEGgyYIGYROzKQ7X5RAqedkfjiZxwi0kL1g3bOaBNNZfYkzt/CL0umgD5wc9Jec2FbB98CjkMRvQ=="
    },
    "d3": {
      "version": "4.10.2",
      "resolved": "https://registry.npmjs.org/d3/-/d3-4.10.2.tgz",
      "integrity": "sha512-0PxXZbD+Remq9x4wdes1gs6rYcGJKA3+e0xwbma0r4ricKOKBHUHfDWcxKQICS3ZZxhzwNYWl196pxDqcAgRpw==",
      "requires": {
        "d3-array": "1.2.0",
        "d3-axis": "1.0.8",
        "d3-brush": "1.0.4",
        "d3-chord": "1.0.4",
        "d3-collection": "1.0.4",
        "d3-color": "1.0.3",
        "d3-dispatch": "1.0.3",
        "d3-drag": "1.1.1",
        "d3-dsv": "1.0.7",
        "d3-ease": "1.0.3",
        "d3-force": "1.0.6",
        "d3-format": "1.2.0",
        "d3-geo": "1.6.4",
        "d3-hierarchy": "1.1.5",
        "d3-interpolate": "1.1.5",
        "d3-path": "1.0.5",
        "d3-polygon": "1.0.3",
        "d3-quadtree": "1.0.3",
        "d3-queue": "3.0.7",
        "d3-random": "1.1.0",
        "d3-request": "1.0.6",
        "d3-scale": "1.0.6",
        "d3-selection": "1.1.0",
        "d3-shape": "1.2.0",
        "d3-time": "1.0.7",
        "d3-time-format": "2.0.5",
        "d3-timer": "1.0.7",
        "d3-transition": "1.1.0",
        "d3-voronoi": "1.1.2",
        "d3-zoom": "1.5.0"
      }
    },
    "d3-array": {
      "version": "1.2.0",
      "resolved": "https://registry.npmjs.org/d3-array/-/d3-array-1.2.0.tgz",
      "integrity": "sha1-FH0mlyDhdMQFen9CvosPPyulMQg="
    },
    "d3-axis": {
      "version": "1.0.8",
      "resolved": "https://registry.npmjs.org/d3-axis/-/d3-axis-1.0.8.tgz",
      "integrity": "sha1-MacFoLU15ldZ3hQXOjGTMTfxjvo="
    },
    "d3-brush": {
      "version": "1.0.4",
      "resolved": "https://registry.npmjs.org/d3-brush/-/d3-brush-1.0.4.tgz",
      "integrity": "sha1-AMLyOAGfJPbAoZSibUGhUw/+e8Q=",
      "requires": {
        "d3-dispatch": "1.0.3",
        "d3-drag": "1.1.1",
        "d3-interpolate": "1.1.5",
        "d3-selection": "1.1.0",
        "d3-transition": "1.1.0"
      }
    },
    "d3-chord": {
      "version": "1.0.4",
      "resolved": "https://registry.npmjs.org/d3-chord/-/d3-chord-1.0.4.tgz",
      "integrity": "sha1-fexPC6iG9xP+ERxF92NBT290yiw=",
      "requires": {
        "d3-array": "1.2.0",
        "d3-path": "1.0.5"
      }
    },
    "d3-collection": {
      "version": "1.0.4",
      "resolved": "https://registry.npmjs.org/d3-collection/-/d3-collection-1.0.4.tgz",
      "integrity": "sha1-NC39EoN8kJdPM/HMCnha6lcNzcI="
    },
    "d3-color": {
      "version": "1.0.3",
      "resolved": "https://registry.npmjs.org/d3-color/-/d3-color-1.0.3.tgz",
      "integrity": "sha1-vHZD/KjlOoNH4vva/6I2eWtYUJs="
    },
    "d3-dispatch": {
      "version": "1.0.3",
      "resolved": "https://registry.npmjs.org/d3-dispatch/-/d3-dispatch-1.0.3.tgz",
      "integrity": "sha1-RuFJHqqbWMNY/OW+TovtYm54cfg="
    },
    "d3-drag": {
      "version": "1.1.1",
      "resolved": "https://registry.npmjs.org/d3-drag/-/d3-drag-1.1.1.tgz",
      "integrity": "sha512-51aazbUuZZhPZzXv9xxwPOJTeDSVv8cXNd8oFxqJyR8ZBD9yLd09CFGSDSm3ArViHg2D5Wo1qCaKl7Efj/qchg==",
      "requires": {
        "d3-dispatch": "1.0.3",
        "d3-selection": "1.1.0"
      }
    },
    "d3-dsv": {
      "version": "1.0.7",
      "resolved": "https://registry.npmjs.org/d3-dsv/-/d3-dsv-1.0.7.tgz",
      "integrity": "sha512-12szKhDhM/tM5U/Ch3hyJ7sMdcwPqMRmrUWitLLdPBMKO9Wuox95ezKZvemy/fxFbefLF/HIPKUmJMBLLuFDaQ==",
      "requires": {
        "commander": "2.11.0",
        "iconv-lite": "0.4.18",
        "rw": "1.3.3"
      }
    },
    "d3-ease": {
      "version": "1.0.3",
      "resolved": "https://registry.npmjs.org/d3-ease/-/d3-ease-1.0.3.tgz",
      "integrity": "sha1-aL+8NJM4o4DETYrMT7wzBKotjA4="
    },
    "d3-force": {
      "version": "1.0.6",
      "resolved": "https://registry.npmjs.org/d3-force/-/d3-force-1.0.6.tgz",
      "integrity": "sha1-6n4bdzDiZkzTFPWU1nGMV8wTK3k=",
      "requires": {
        "d3-collection": "1.0.4",
        "d3-dispatch": "1.0.3",
        "d3-quadtree": "1.0.3",
        "d3-timer": "1.0.7"
      }
    },
    "d3-format": {
      "version": "1.2.0",
      "resolved": "https://registry.npmjs.org/d3-format/-/d3-format-1.2.0.tgz",
      "integrity": "sha1-a0gLqohohdRlHcJIqPSsnaFtsHo="
    },
    "d3-geo": {
      "version": "1.6.4",
      "resolved": "https://registry.npmjs.org/d3-geo/-/d3-geo-1.6.4.tgz",
      "integrity": "sha1-8g4eRhyxhF9ai+Vatvh2VCp+MZk=",
      "requires": {
        "d3-array": "1.2.0"
      }
    },
    "d3-hierarchy": {
      "version": "1.1.5",
      "resolved": "https://registry.npmjs.org/d3-hierarchy/-/d3-hierarchy-1.1.5.tgz",
      "integrity": "sha1-ochFxC+Eoga88cAcAQmOpN2qeiY="
    },
    "d3-interpolate": {
      "version": "1.1.5",
      "resolved": "https://registry.npmjs.org/d3-interpolate/-/d3-interpolate-1.1.5.tgz",
      "integrity": "sha1-aeCZ/zkhRxblY8muw+qdHqS4p58=",
      "requires": {
        "d3-color": "1.0.3"
      }
    },
    "d3-path": {
      "version": "1.0.5",
      "resolved": "https://registry.npmjs.org/d3-path/-/d3-path-1.0.5.tgz",
      "integrity": "sha1-JB6xhJvZ6egCHA0KeZ+KDo5EF2Q="
    },
    "d3-polygon": {
      "version": "1.0.3",
      "resolved": "https://registry.npmjs.org/d3-polygon/-/d3-polygon-1.0.3.tgz",
      "integrity": "sha1-FoiOkCZGCTPysXllKtN4Ik04LGI="
    },
    "d3-quadtree": {
      "version": "1.0.3",
      "resolved": "https://registry.npmjs.org/d3-quadtree/-/d3-quadtree-1.0.3.tgz",
      "integrity": "sha1-rHmH4+I/6AWpkPKOG1DTj8uCJDg="
    },
    "d3-queue": {
      "version": "3.0.7",
      "resolved": "https://registry.npmjs.org/d3-queue/-/d3-queue-3.0.7.tgz",
      "integrity": "sha1-yTouVLQXwJWRKdfXP2z31Ckudhg="
    },
    "d3-random": {
      "version": "1.1.0",
      "resolved": "https://registry.npmjs.org/d3-random/-/d3-random-1.1.0.tgz",
      "integrity": "sha1-ZkLlBsb6OmSFldKyRpeIqNElKdM="
    },
    "d3-request": {
      "version": "1.0.6",
      "resolved": "https://registry.npmjs.org/d3-request/-/d3-request-1.0.6.tgz",
      "integrity": "sha512-FJj8ySY6GYuAJHZMaCQ83xEYE4KbkPkmxZ3Hu6zA1xxG2GD+z6P+Lyp+zjdsHf0xEbp2xcluDI50rCS855EQ6w==",
      "requires": {
        "d3-collection": "1.0.4",
        "d3-dispatch": "1.0.3",
        "d3-dsv": "1.0.7",
        "xmlhttprequest": "1.8.0"
      }
    },
    "d3-scale": {
      "version": "1.0.6",
      "resolved": "https://registry.npmjs.org/d3-scale/-/d3-scale-1.0.6.tgz",
      "integrity": "sha1-vOGdqA06DPQiyVQ64zIghiILNO0=",
      "requires": {
        "d3-array": "1.2.0",
        "d3-collection": "1.0.4",
        "d3-color": "1.0.3",
        "d3-format": "1.2.0",
        "d3-interpolate": "1.1.5",
        "d3-time": "1.0.7",
        "d3-time-format": "2.0.5"
      }
    },
    "d3-selection": {
      "version": "1.1.0",
      "resolved": "https://registry.npmjs.org/d3-selection/-/d3-selection-1.1.0.tgz",
      "integrity": "sha1-GZhoSJZIj4OcoDchI9o08dMYgJw="
    },
    "d3-shape": {
      "version": "1.2.0",
      "resolved": "https://registry.npmjs.org/d3-shape/-/d3-shape-1.2.0.tgz",
      "integrity": "sha1-RdAVOPBkuv0F6j1tLLdI/YxB93c=",
      "requires": {
        "d3-path": "1.0.5"
      }
    },
    "d3-time": {
      "version": "1.0.7",
      "resolved": "https://registry.npmjs.org/d3-time/-/d3-time-1.0.7.tgz",
      "integrity": "sha1-lMr27bt4ebuAnQ0fdXK8SEgvcnA="
    },
    "d3-time-format": {
      "version": "2.0.5",
      "resolved": "https://registry.npmjs.org/d3-time-format/-/d3-time-format-2.0.5.tgz",
      "integrity": "sha1-nXeAIE98kRnJFwsaVttN6aivly4=",
      "requires": {
        "d3-time": "1.0.7"
      }
    },
    "d3-timer": {
      "version": "1.0.7",
      "resolved": "https://registry.npmjs.org/d3-timer/-/d3-timer-1.0.7.tgz",
      "integrity": "sha512-vMZXR88XujmG/L5oB96NNKH5lCWwiLM/S2HyyAQLcjWJCloK5shxta4CwOFYLZoY3AWX73v8Lgv4cCAdWtRmOA=="
    },
    "d3-transition": {
      "version": "1.1.0",
      "resolved": "https://registry.npmjs.org/d3-transition/-/d3-transition-1.1.0.tgz",
      "integrity": "sha1-z8hcdOUjkyQpBUZiNXKZBWDDlm8=",
      "requires": {
        "d3-color": "1.0.3",
        "d3-dispatch": "1.0.3",
        "d3-ease": "1.0.3",
        "d3-interpolate": "1.1.5",
        "d3-selection": "1.1.0",
        "d3-timer": "1.0.7"
      }
    },
    "d3-voronoi": {
      "version": "1.1.2",
      "resolved": "https://registry.npmjs.org/d3-voronoi/-/d3-voronoi-1.1.2.tgz",
      "integrity": "sha1-Fodmfo8TotFYyAwUgMWinLDYlzw="
    },
    "d3-zoom": {
      "version": "1.5.0",
      "resolved": "https://registry.npmjs.org/d3-zoom/-/d3-zoom-1.5.0.tgz",
      "integrity": "sha512-tc/ONeSUVuwHczjjK4jQPd0T1iZ+lfsz8TbguAAceY5qs057hp4WLglkPWValkuVjCyeGpqiA2iTm8S++NJ84w==",
      "requires": {
        "d3-dispatch": "1.0.3",
        "d3-drag": "1.1.1",
        "d3-interpolate": "1.1.5",
        "d3-selection": "1.1.0",
        "d3-transition": "1.1.0"
      }
    },
    "electric-base-components": {
      "version": "2.0.0",
      "resolved": "https://registry.npmjs.org/electric-base-components/-/electric-base-components-2.0.0.tgz",
      "integrity": "sha512-iLCqw0yXibx5AIfLlyJv9TZIww1Cxogn58972QL2M4qBpgLkMy8j6Mq/flZLdT83bvnz4mDdaUv1Wg1E9NkPSw==",
      "dev": true,
      "requires": {
        "metal-affix": "2.0.0",
        "metal-ajax": "2.1.1",
        "metal-autocomplete": "2.1.0",
        "metal-clipboard": "2.0.0",
        "metal-reading-progress": "2.0.0",
        "metal-tabs": "2.3.1",
        "metal-toggler": "2.2.0",
        "metal-tooltip": "2.0.3"
      }
    },
    "electric-marble-components": {
      "version": "2.0.1",
      "resolved": "https://registry.npmjs.org/electric-marble-components/-/electric-marble-components-2.0.1.tgz",
      "integrity": "sha512-HnMAyFcf2aVNY+y7rAUOK/0A2dIM5GZntubsCl3bIsfWH0upzKlEjjMJgYR/gxUoKuvJOi82+6REFFUBS2b9Rw==",
      "dev": true,
      "requires": {
        "electric-base-components": "2.0.0"
      }
    },
    "html2incdom": {
      "version": "0.1.8",
      "resolved": "https://registry.npmjs.org/html2incdom/-/html2incdom-0.1.8.tgz",
      "integrity": "sha1-fiFFpaYKu0X6oopKrwmaP/KK91Y="
    },
    "iconv-lite": {
      "version": "0.4.18",
      "resolved": "https://registry.npmjs.org/iconv-lite/-/iconv-lite-0.4.18.tgz",
      "integrity": "sha512-sr1ZQph3UwHTR0XftSbK85OvBbxe/abLGzEnPENCQwmHf7sck8Oyu4ob3LgBxWWxRoM+QszeUyl7jbqapu2TqA=="
    },
    "incremental-dom": {
      "version": "0.5.1",
      "resolved": "https://registry.npmjs.org/incremental-dom/-/incremental-dom-0.5.1.tgz",
      "integrity": "sha1-UvRTnD6e7nzREqbaBS+3Fi/vsMM="
    },
    "incremental-dom-string": {
      "version": "0.0.2",
      "resolved": "https://registry.npmjs.org/incremental-dom-string/-/incremental-dom-string-0.0.2.tgz",
      "integrity": "sha512-vh6cTsw+fQNljhNg3/iDuawNjk79CS1sEqucal1DJY+aco/Mgpi+xjkUFMED41f6nzu1V0ialfC84wcW9nqZ2w=="
    },
    "marble": {
      "version": "2.11.8",
      "resolved": "https://registry.npmjs.org/marble/-/marble-2.11.8.tgz",
      "integrity": "sha512-ovD0y/G+UEXGBTmuav0iXAaljyyk8AwPfJrJ3NdHals8kph56mROPd3SChDQHo1o4DxuuSlXUVztzLk9xWLzdw==",
      "dev": true,
      "requires": {
        "bootstrap-sass": "3.3.7",
        "mathsass": "0.9.5"
      }
    },
    "mathsass": {
      "version": "0.9.5",
      "resolved": "https://registry.npmjs.org/mathsass/-/mathsass-0.9.5.tgz",
      "integrity": "sha1-pj6+AiFx6vguPVe18q09aH40ej4=",
      "dev": true
    },
    "metal": {
      "version": "2.13.2",
      "resolved": "https://registry.npmjs.org/metal/-/metal-2.13.2.tgz",
      "integrity": "sha512-DqETxwvyW5I/3blSlxrr1eleLaLHItK1VJcGIL6hAVqSlUpYw0r+RXd8qWfIq6TMdjCU3/x/oGmWZyk+O4SZJw=="
    },
    "metal-affix": {
      "version": "2.0.0",
      "resolved": "https://registry.npmjs.org/metal-affix/-/metal-affix-2.0.0.tgz",
      "integrity": "sha1-FsTZFKYn0VIyoid2aRvyqxsM3jc=",
      "dev": true,
      "requires": {
        "metal": "2.13.2",
        "metal-dom": "2.13.2",
        "metal-events": "2.13.2",
        "metal-position": "2.1.0",
        "metal-state": "2.13.2"
      }
    },
    "metal-ajax": {
      "version": "2.1.1",
      "resolved": "https://registry.npmjs.org/metal-ajax/-/metal-ajax-2.1.1.tgz",
      "integrity": "sha512-r61ku32uivdaBd3joWrTiGV2kyG9Nvpt4gq4Npo/9MDWj2Tcm4xk2PZ7iKpIAF88JD4dwW+etjgK5Il3SzC9+g==",
      "dev": true,
      "requires": {
        "metal": "2.13.2",
        "metal-promise": "2.0.1",
        "metal-uri": "2.3.0"
      }
    },
    "metal-autocomplete": {
      "version": "2.1.0",
      "resolved": "https://registry.npmjs.org/metal-autocomplete/-/metal-autocomplete-2.1.0.tgz",
      "integrity": "sha1-G1BD6BFfUSnqmzlRGLSNn+WqyzA=",
      "dev": true,
      "requires": {
        "bootstrap": "3.3.7",
        "metal": "2.13.2",
        "metal-component": "2.13.2",
        "metal-debounce": "2.0.0",
        "metal-dom": "2.13.2",
        "metal-events": "2.13.2",
        "metal-list": "2.0.4",
        "metal-position": "2.1.0",
        "metal-promise": "2.0.1",
        "metal-soy": "2.13.2"
      }
    },
    "metal-charts": {
      "version": "1.0.0-alpha.2",
      "resolved": "https://registry.npmjs.org/metal-charts/-/metal-charts-1.0.0-alpha.2.tgz",
      "integrity": "sha512-yhbnmUrThBcsNisSuu3Z2ehg5aCvTU+q7p9z/IlgQHxGHTfzpl5t6tMPTB4phv/4g0faGG564Sii73j1KtDIpA==",
      "requires": {
        "billboard.js": "1.0.1",
        "d3": "4.10.2",
        "metal-component": "2.13.2",
        "metal-jsx": "2.13.2",
        "metal-soy": "2.13.2",
        "metal-state": "2.13.2"
      }
    },
    "metal-clipboard": {
      "version": "2.0.0",
      "resolved": "https://registry.npmjs.org/metal-clipboard/-/metal-clipboard-2.0.0.tgz",
      "integrity": "sha1-wMmWova4H4QZfIbQ4iuBxmBe5fA=",
      "dev": true,
      "requires": {
        "metal": "2.13.2",
        "metal-dom": "2.13.2",
        "metal-state": "2.13.2"
      }
    },
    "metal-component": {
      "version": "2.13.2",
      "resolved": "https://registry.npmjs.org/metal-component/-/metal-component-2.13.2.tgz",
      "integrity": "sha512-xLKyApJ+TGZg3zIC7VltqIAz3RFWGHPe+JzmjQjD11iW30W35+XQ3lHxJHgg0RvoRdZOsY9qRIzX0jsZB5Gh0g==",
      "requires": {
        "metal": "2.13.2",
        "metal-dom": "2.13.2",
        "metal-events": "2.13.2",
        "metal-state": "2.13.2"
      }
    },
    "metal-debounce": {
      "version": "2.0.0",
      "resolved": "https://registry.npmjs.org/metal-debounce/-/metal-debounce-2.0.0.tgz",
      "integrity": "sha1-JM9lmo94hKWepDGeIQc0KT2U8K0=",
      "dev": true
    },
    "metal-dom": {
      "version": "2.13.2",
      "resolved": "https://registry.npmjs.org/metal-dom/-/metal-dom-2.13.2.tgz",
      "integrity": "sha512-RoqboMluZV9Sg4xcpgLV3/MVKP/NZyBfDCs4AcJ+6K8tusarF+AJ8AcMfU8Al7PB1AoYsIz6qNWZx/OG+xEoWA==",
      "requires": {
        "metal": "2.13.2",
        "metal-events": "2.13.2"
      }
    },
    "metal-events": {
      "version": "2.13.2",
      "resolved": "https://registry.npmjs.org/metal-events/-/metal-events-2.13.2.tgz",
      "integrity": "sha512-iEuqr5+T87Bq114wV/okNzwS25i/c4jqmIZ6IBLPFTD1Gxbk6qEiklnWf7Z2iVbqPYOz+2LgL130Nt2U4eb9tA==",
      "requires": {
        "metal": "2.13.2"
      }
    },
    "metal-incremental-dom": {
      "version": "2.13.2",
      "resolved": "https://registry.npmjs.org/metal-incremental-dom/-/metal-incremental-dom-2.13.2.tgz",
      "integrity": "sha512-R3cLV98w843YtIWlssrs3/Q1m7QyD5I+p2komGDKdHUMqi0uvuAYN9mOVMI4Ni77xF9nHTv4yVF32a9JHm+gRA==",
      "requires": {
        "incremental-dom": "0.5.1",
        "incremental-dom-string": "0.0.2",
        "metal": "2.13.2",
        "metal-component": "2.13.2",
        "metal-dom": "2.13.2"
      }
    },
    "metal-jsx": {
      "version": "2.13.2",
      "resolved": "https://registry.npmjs.org/metal-jsx/-/metal-jsx-2.13.2.tgz",
      "integrity": "sha512-AylPW29jdcF2Opa0rI77w5cS9rJkF80e3wVtDDp5lNQcn4o/ywF0wgiyqittqMZ0p2MinqrHlgXHvdu31T2Ldg==",
      "requires": {
        "metal": "2.13.2",
        "metal-component": "2.13.2",
        "metal-dom": "2.13.2",
        "metal-incremental-dom": "2.13.2",
        "metal-state": "2.13.2"
      }
    },
    "metal-keyboard-focus": {
      "version": "2.0.1",
      "resolved": "https://registry.npmjs.org/metal-keyboard-focus/-/metal-keyboard-focus-2.0.1.tgz",
      "integrity": "sha1-MjcExH2TtkD61ZmsZaDo3uWlBF8=",
      "dev": true,
      "requires": {
        "metal": "2.13.2",
        "metal-events": "2.13.2"
      }
    },
    "metal-list": {
      "version": "2.0.4",
      "resolved": "https://registry.npmjs.org/metal-list/-/metal-list-2.0.4.tgz",
      "integrity": "sha1-A4cIoyfMOkzuAahwgG6Ls0DToQI=",
      "dev": true,
      "requires": {
        "bootstrap": "3.3.7",
        "metal": "2.13.2",
        "metal-component": "2.13.2",
        "metal-dom": "2.13.2",
        "metal-soy": "2.13.2"
      }
    },
    "metal-position": {
      "version": "2.1.0",
      "resolved": "https://registry.npmjs.org/metal-position/-/metal-position-2.1.0.tgz",
      "integrity": "sha1-MdxzVhP55TznpTfhMCn8DpSP8IU=",
      "dev": true,
      "requires": {
        "metal": "2.13.2",
        "metal-dom": "2.13.2"
      }
    },
    "metal-promise": {
      "version": "2.0.1",
      "resolved": "https://registry.npmjs.org/metal-promise/-/metal-promise-2.0.1.tgz",
      "integrity": "sha1-KP9DIQ5MaeX/9R2/IB5K4v5vg9U=",
      "dev": true,
      "requires": {
        "metal": "2.13.2"
      }
    },
    "metal-reading-progress": {
      "version": "2.0.0",
      "resolved": "https://registry.npmjs.org/metal-reading-progress/-/metal-reading-progress-2.0.0.tgz",
      "integrity": "sha1-Kr93KnxznWJ5uQy5PeWC+lW5SA4=",
      "dev": true,
      "requires": {
        "metal-scrollspy": "2.0.0",
        "metal-soy": "2.13.2"
      }
    },
    "metal-scrollspy": {
      "version": "2.0.0",
      "resolved": "https://registry.npmjs.org/metal-scrollspy/-/metal-scrollspy-2.0.0.tgz",
      "integrity": "sha1-l7ISba+E4DzdjyeGmM4JA34cVHk=",
      "dev": true,
      "requires": {
        "bootstrap": "3.3.7",
        "metal": "2.13.2",
        "metal-dom": "2.13.2",
        "metal-position": "2.1.0",
        "metal-state": "2.13.2"
      }
    },
    "metal-soy": {
      "version": "2.13.2",
      "resolved": "https://registry.npmjs.org/metal-soy/-/metal-soy-2.13.2.tgz",
      "integrity": "sha512-mDSrWaYARDPruCaWMDpvJZ73kC9Vh091Hr72EJ3WB6C0o6R5T3FwkEV37xHdMENIT080bVOXuCLyHm1LlemGYw==",
      "requires": {
        "html2incdom": "0.1.8",
        "metal": "2.13.2",
        "metal-component": "2.13.2",
        "metal-dom": "2.13.2",
        "metal-incremental-dom": "2.13.2",
        "metal-soy-bundle": "2.13.2",
        "metal-state": "2.13.2"
      }
    },
    "metal-soy-bundle": {
      "version": "2.13.2",
      "resolved": "https://registry.npmjs.org/metal-soy-bundle/-/metal-soy-bundle-2.13.2.tgz",
      "integrity": "sha512-f/tlLf7icqOu4hOKPqLyPVmfFdrO/8vZ2Ux8GrpsoPOvXvPlO67bofVulS1OBcc4wz5xXPmYEwp5rAMXP4B9hg==",
      "requires": {
        "metal-incremental-dom": "2.13.2"
      }
    },
    "metal-state": {
      "version": "2.13.2",
      "resolved": "https://registry.npmjs.org/metal-state/-/metal-state-2.13.2.tgz",
      "integrity": "sha512-zHbcEBkJGpfZZP2eOdeBeLUzpcBv24/Wt+Van/yd1o2FnCk5COVkAXAOwYWJT97T4Xle2G9+c2hPFYcIxRFM1w==",
      "requires": {
        "metal": "2.13.2",
        "metal-events": "2.13.2"
      }
    },
    "metal-structs": {
      "version": "1.0.1",
      "resolved": "https://registry.npmjs.org/metal-structs/-/metal-structs-1.0.1.tgz",
      "integrity": "sha1-VIJy9xjunXKeMHm3Sj8SVBQ9t1s=",
      "dev": true,
      "requires": {
        "metal": "2.13.2"
      }
    },
    "metal-tabs": {
      "version": "2.3.1",
      "resolved": "https://registry.npmjs.org/metal-tabs/-/metal-tabs-2.3.1.tgz",
      "integrity": "sha512-xqt/bjzFt7ERsFwk39aaYeZBYcr5MEweXsiKHrloIXOtes8rG1rBEs0yrTjABXGDOa+EAMUERjpp7qyLBbvShQ==",
      "dev": true,
      "requires": {
        "metal-component": "2.13.2",
        "metal-keyboard-focus": "2.0.1",
        "metal-soy": "2.13.2"
      }
    },
    "metal-toggler": {
      "version": "2.2.0",
      "resolved": "https://registry.npmjs.org/metal-toggler/-/metal-toggler-2.2.0.tgz",
      "integrity": "sha1-svpGs/S8PQVOYWMM4+SItR+Dn5U=",
      "dev": true,
      "requires": {
        "bootstrap": "3.3.7",
        "metal": "2.13.2",
        "metal-dom": "2.13.2",
        "metal-events": "2.13.2",
        "metal-state": "2.13.2"
      }
    },
    "metal-tooltip": {
      "version": "2.0.3",
      "resolved": "https://registry.npmjs.org/metal-tooltip/-/metal-tooltip-2.0.3.tgz",
      "integrity": "sha1-FNJvszhgyB4A+DaWe0ivtdkQh1M=",
      "dev": true,
      "requires": {
        "bootstrap": "3.3.7",
        "metal": "2.13.2",
        "metal-component": "2.13.2",
        "metal-dom": "2.13.2",
        "metal-events": "2.13.2",
        "metal-position": "2.1.0",
        "metal-soy": "2.13.2"
      }
    },
    "metal-uri": {
      "version": "2.3.0",
      "resolved": "https://registry.npmjs.org/metal-uri/-/metal-uri-2.3.0.tgz",
      "integrity": "sha512-VH6/ultiYrLiBhanYJNMO6klcTl3Gv1rOeOA1YNk5pvbAkMJP+z7fDS5Z8Or3hsoqwTGqBnEiWEdGwbZrM2WGw==",
      "dev": true,
      "requires": {
        "metal": "2.13.2",
        "metal-structs": "1.0.1",
        "path-browserify": "0.0.0",
        "url": "0.11.0"
      }
    },
    "path-browserify": {
      "version": "0.0.0",
      "resolved": "https://registry.npmjs.org/path-browserify/-/path-browserify-0.0.0.tgz",
      "integrity": "sha1-oLhwcpquIUAFt9UDLsLLuw+0RRo=",
      "dev": true
    },
    "punycode": {
      "version": "1.3.2",
      "resolved": "https://registry.npmjs.org/punycode/-/punycode-1.3.2.tgz",
      "integrity": "sha1-llOgNvt8HuQjQvIyXM7v6jkmxI0=",
      "dev": true
    },
    "querystring": {
      "version": "0.2.0",
      "resolved": "https://registry.npmjs.org/querystring/-/querystring-0.2.0.tgz",
      "integrity": "sha1-sgmEkgO7Jd+CDadW50cAWHhSFiA=",
      "dev": true
    },
    "rw": {
      "version": "1.3.3",
      "resolved": "https://registry.npmjs.org/rw/-/rw-1.3.3.tgz",
      "integrity": "sha1-P4Yt+pGrdmsUiF700BEkv9oHT7Q="
    },
    "url": {
      "version": "0.11.0",
      "resolved": "https://registry.npmjs.org/url/-/url-0.11.0.tgz",
      "integrity": "sha1-ODjpfPxgUh63PFJajlW/3Z4uKPE=",
      "dev": true,
      "requires": {
        "punycode": "1.3.2",
        "querystring": "0.2.0"
      }
    },
    "xmlhttprequest": {
      "version": "1.8.0",
      "resolved": "https://registry.npmjs.org/xmlhttprequest/-/xmlhttprequest-1.8.0.tgz",
      "integrity": "sha1-Z/4HXFwk/vOfnWX197f+dRcZaPw="
    }
  }
}
